{
  "name": "srt-parse-to",
  "version": "1.0.1",
  "lockfileVersion": 2,
  "requires": true,
  "packages": {
    "": {
      "name": "srt-parse-to",
      "version": "1.0.1",
      "license": "MIT",
      "dependencies": {
        "srt-parse-to": "^1.0.0"
      }
    },
    "node_modules/srt-parse-to": {
      "version": "1.0.0",
      "resolved": "https://registry.npmjs.org/srt-parse-to/-/srt-parse-to-1.0.0.tgz",
      "integrity": "sha512-xWuFp+XxTIxrHyEt5J1R9yM2w5QN1CdqEEVkndcn9SdRJwF1e39BP9Et4GA5iIdNhW4YGMt8F5qVQizszDiP9g=="
    }
  },
  "dependencies": {
    "srt-parse-to": {
      "version": "1.0.0",
      "resolved": "https://registry.npmjs.org/srt-parse-to/-/srt-parse-to-1.0.0.tgz",
      "integrity": "sha512-xWuFp+XxTIxrHyEt5J1R9yM2w5QN1CdqEEVkndcn9SdRJwF1e39BP9Et4GA5iIdNhW4YGMt8F5qVQizszDiP9g=="
    }
  }
}
